// !$*UTF8*$!
{
	archiveVersion = 1;
	classes = {
	};
	objectVersion = 46;
	objects = {

/* Begin PBXBuildFile section */
		0466CFD01F5943E8004142BF /* FSPerson.m in Sources */ = {isa = PBXBuildFile; fileRef = 0466CFCF1F5943E8004142BF /* FSPerson.m */; };
		0466CFD61F594ECE004142BF /* FSBranch1.m in Sources */ = {isa = PBXBuildFile; fileRef = 0466CFD51F594ECE004142BF /* FSBranch1.m */; };
		84F9F2EC1DA9313200BC7ECD /* main.m in Sources */ = {isa = PBXBuildFile; fileRef = 84F9F2EB1DA9313200BC7ECD /* main.m */; };
		84F9F2EF1DA9313200BC7ECD /* AppDelegate.m in Sources */ = {isa = PBXBuildFile; fileRef = 84F9F2EE1DA9313200BC7ECD /* AppDelegate.m */; };
		84F9F2F21DA9313200BC7ECD /* ViewController.m in Sources */ = {isa = PBXBuildFile; fileRef = 84F9F2F11DA9313200BC7ECD /* ViewController.m */; };
		84F9F2F51DA9313200BC7ECD /* Main.storyboard in Resources */ = {isa = PBXBuildFile; fileRef = 84F9F2F31DA9313200BC7ECD /* Main.storyboard */; };
		84F9F2F71DA9313200BC7ECD /* Assets.xcassets in Resources */ = {isa = PBXBuildFile; fileRef = 84F9F2F61DA9313200BC7ECD /* Assets.xcassets */; };
		84F9F2FA1DA9313200BC7ECD /* LaunchScreen.storyboard in Resources */ = {isa = PBXBuildFile; fileRef = 84F9F2F81DA9313200BC7ECD /* LaunchScreen.storyboard */; };
/* End PBXBuildFile section */

/* Begin PBXFileReference section */
		0466CFCE1F5943E8004142BF /* FSPerson.h */ = {isa = PBXFileReference; fileEncoding = 4; lastKnownFileType = sourcecode.c.h; path = FSPerson.h; sourceTree = "<group>"; };
		0466CFCF1F5943E8004142BF /* FSPerson.m */ = {isa = PBXFileReference; fileEncoding = 4; lastKnownFileType = sourcecode.c.objc; path = FSPerson.m; sourceTree = "<group>"; };
		0466CFD41F594ECE004142BF /* FSBranch1.h */ = {isa = PBXFileReference; fileEncoding = 4; lastKnownFileType = sourcecode.c.h; path = FSBranch1.h; sourceTree = "<group>"; };
		0466CFD51F594ECE004142BF /* FSBranch1.m */ = {isa = PBXFileReference; fileEncoding = 4; lastKnownFileType = sourcecode.c.objc; path = FSBranch1.m; sourceTree = "<group>"; };
		84F9F2E71DA9313200BC7ECD /* MXKit.app */ = {isa = PBXFileReference; explicitFileType = wrapper.application; includeInIndex = 0; path = MXKit.app; sourceTree = BUILT_PRODUCTS_DIR; };
		84F9F2EB1DA9313200BC7ECD /* main.m */ = {isa = PBXFileReference; lastKnownFileType = sourcecode.c.objc; path = main.m; sourceTree = "<group>"; };
		84F9F2ED1DA9313200BC7ECD /* AppDelegate.h */ = {isa = PBXFileReference; lastKnownFileType = sourcecode.c.h; path = AppDelegate.h; sourceTree = "<group>"; };
		84F9F2EE1DA9313200BC7ECD /* AppDelegate.m */ = {isa = PBXFileReference; lastKnownFileType = sourcecode.c.objc; path = AppDelegate.m; sourceTree = "<group>"; };
		84F9F2F01DA9313200BC7ECD /* ViewController.h */ = {isa = PBXFileReference; lastKnownFileType = sourcecode.c.h; path = ViewController.h; sourceTree = "<group>"; };
		84F9F2F11DA9313200BC7ECD /* ViewController.m */ = {isa = PBXFileReference; lastKnownFileType = sourcecode.c.objc; path = ViewController.m; sourceTree = "<group>"; };
		84F9F2F41DA9313200BC7ECD /* Base */ = {isa = PBXFileReference; lastKnownFileType = file.storyboard; name = Base; path = Base.lproj/Main.storyboard; sourceTree = "<group>"; };
		84F9F2F61DA9313200BC7ECD /* Assets.xcassets */ = {isa = PBXFileReference; lastKnownFileType = folder.assetcatalog; path = Assets.xcassets; sourceTree = "<group>"; };
		84F9F2F91DA9313200BC7ECD /* Base */ = {isa = PBXFileReference; lastKnownFileType = file.storyboard; name = Base; path = Base.lproj/LaunchScreen.storyboard; sourceTree = "<group>"; };
		84F9F2FB1DA9313200BC7ECD /* Info.plist */ = {isa = PBXFileReference; lastKnownFileType = text.plist.xml; path = Info.plist; sourceTree = "<group>"; };
/* End PBXFileReference section */

/* Begin PBXFrameworksBuildPhase section */
		84F9F2E41DA9313200BC7ECD /* Frameworks */ = {
			isa = PBXFrameworksBuildPhase;
			buildActionMask = 2147483647;
			files = (
			);
			runOnlyForDeploymentPostprocessing = 0;
		};
/* End PBXFrameworksBuildPhase section */

/* Begin PBXGroup section */
		84F9F2DE1DA9313100BC7ECD = {
			isa = PBXGroup;
			children = (
				84F9F2E91DA9313200BC7ECD /* MXKit */,
				84F9F2E81DA9313200BC7ECD /* Products */,
			);
			sourceTree = "<group>";
		};
		84F9F2E81DA9313200BC7ECD /* Products */ = {
			isa = PBXGroup;
			children = (
				84F9F2E71DA9313200BC7ECD /* MXKit.app */,
			);
			name = Products;
			sourceTree = "<group>";
		};
		84F9F2E91DA9313200BC7ECD /* MXKit */ = {
			isa = PBXGroup;
			children = (
				84F9F2ED1DA9313200BC7ECD /* AppDelegate.h */,
				84F9F2EE1DA9313200BC7ECD /* AppDelegate.m */,
				0466CFCE1F5943E8004142BF /* FSPerson.h */,
				0466CFCF1F5943E8004142BF /* FSPerson.m */,
				0466CFD41F594ECE004142BF /* FSBranch1.h */,
				0466CFD51F594ECE004142BF /* FSBranch1.m */,
				84F9F2F01DA9313200BC7ECD /* ViewController.h */,
				84F9F2F11DA9313200BC7ECD /* ViewController.m */,
				84F9F2F31DA9313200BC7ECD /* Main.storyboard */,
				84F9F2F61DA9313200BC7ECD /* Assets.xcassets */,
				84F9F2F81DA9313200BC7ECD /* LaunchScreen.storyboard */,
				84F9F2FB1DA9313200BC7ECD /* Info.plist */,
				84F9F2EA1DA9313200BC7ECD /* Supporting Files */,
			);
			path = MXKit;
			sourceTree = "<group>";
		};
		84F9F2EA1DA9313200BC7ECD /* Supporting Files */ = {
			isa = PBXGroup;
			children = (
				84F9F2EB1DA9313200BC7ECD /* main.m */,
			);
			name = "Supporting Files";
			sourceTree = "<group>";
		};
/* End PBXGroup section */

/* Begin PBXNativeTarget section */
		84F9F2E61DA9313200BC7ECD /* MXKit */ = {
			isa = PBXNativeTarget;
			buildConfigurationList = 84F9F2FE1DA9313200BC7ECD /* Build configuration list for PBXNativeTarget "MXKit" */;
			buildPhases = (
				84F9F2E31DA9313200BC7ECD /* Sources */,
				84F9F2E41DA9313200BC7ECD /* Frameworks */,
				84F9F2E51DA9313200BC7ECD /* Resources */,
			);
			buildRules = (
			);
			dependencies = (
			);
			name = MXKit;
			productName = MXKit;
			productReference = 84F9F2E71DA9313200BC7ECD /* MXKit.app */;
			productType = "com.apple.product-type.application";
		};
/* End PBXNativeTarget section */

/* Begin PBXProject section */
		84F9F2DF1DA9313100BC7ECD /* Project object */ = {
			isa = PBXProject;
			attributes = {
				LastUpgradeCheck = 0720;
				ORGANIZATIONNAME = MaXing;
				TargetAttributes = {
					84F9F2E61DA9313200BC7ECD = {
						CreatedOnToolsVersion = 7.2.1;
						DevelopmentTeam = 5L46WTK49Z;
					};
				};
			};
			buildConfigurationList = 84F9F2E21DA9313100BC7ECD /* Build configuration list for PBXProject "MXKit" */;
			compatibilityVersion = "Xcode 3.2";
			developmentRegion = English;
			hasScannedForEncodings = 0;
			knownRegions = (
				en,
				Base,
			);
			mainGroup = 84F9F2DE1DA9313100BC7ECD;
			productRefGroup = 84F9F2E81DA9313200BC7ECD /* Products */;
			projectDirPath = "";
			projectRoot = "";
			targets = (
				84F9F2E61DA9313200BC7ECD /* MXKit */,
			);
		};
/* End PBXProject section */

/* Begin PBXResourcesBuildPhase section */
		84F9F2E51DA9313200BC7ECD /* Resources */ = {
			isa = PBXResourcesBuildPhase;
			buildActionMask = 2147483647;
			files = (
				84F9F2FA1DA9313200BC7ECD /* LaunchScreen.storyboard in Resources */,
				84F9F2F71DA9313200BC7ECD /* Assets.xcassets in Resources */,
				84F9F2F51DA9313200BC7ECD /* Main.storyboard in Resources */,
			);
			runOnlyForDeploymentPostprocessing = 0;
		};
/* End PBXResourcesBuildPhase section */

/* Begin PBXSourcesBuildPhase section */
		84F9F2E31DA9313200BC7ECD /* Sources */ = {
			isa = PBXSourcesBuildPhase;
			buildActionMask = 2147483647;
			files = (
				84F9F2F21DA9313200BC7ECD /* ViewController.m in Sources */,
				0466CFD01F5943E8004142BF /* FSPerson.m in Sources */,
				84F9F2EF1DA9313200BC7ECD /* AppDelegate.m in Sources */,
				84F9F2EC1DA9313200BC7ECD /* main.m in Sources */,
				0466CFD61F594ECE004142BF /* FSBranch1.m in Sources */,
			);
			runOnlyForDeploymentPostprocessing = 0;
		};
/* End PBXSourcesBuildPhase section */

/* Begin PBXVariantGroup section */
		84F9F2F31DA9313200BC7ECD /* Main.storyboard */ = {
			isa = PBXVariantGroup;
			children = (
				84F9F2F41DA9313200BC7ECD /* Base */,
			);
			name = Main.storyboard;
			sourceTree = "<group>";
		};
		84F9F2F81DA9313200BC7ECD /* LaunchScreen.storyboard */ = {
			isa = PBXVariantGroup;
			children = (
				84F9F2F91DA9313200BC7ECD /* Base */,
			);
			name = LaunchScreen.storyboard;
			sourceTree = "<group>";
		};
/* End PBXVariantGroup section */

/* Begin XCBuildConfiguration section */
		84F9F2FC1DA9313200BC7ECD /* Debug */ = {
			isa = XCBuildConfiguration;
			buildSettings = {
				ALWAYS_SEARCH_USER_PATHS = NO;
				CLANG_CXX_LANGUAGE_STANDARD = "gnu++0x";
				CLANG_CXX_LIBRARY = "libc++";
				CLANG_ENABLE_MODULES = YES;
				CLANG_ENABLE_OBJC_ARC = YES;
				CLANG_WARN_BOOL_CONVERSION = YES;
				CLANG_WARN_CONSTANT_CONVERSION = YES;
				CLANG_WARN_DIRECT_OBJC_ISA_USAGE = YES_ERROR;
				CLANG_WARN_EMPTY_BODY = YES;
				CLANG_WARN_ENUM_CONVERSION = YES;
				CLANG_WARN_INT_CONVERSION = YES;
				CLANG_WARN_OBJC_ROOT_CLASS = YES_ERROR;
				CLANG_WARN_UNREACHABLE_CODE = YES;
				CLANG_WARN__DUPLICATE_METHOD_MATCH = YES;
				"CODE_SIGN_IDENTITY[sdk=iphoneos*]" = "iPhone Developer";
				COPY_PHASE_STRIP = NO;
				DEBUG_INFORMATION_FORMAT = dwarf;
				ENABLE_STRICT_OBJC_MSGSEND = YES;
				ENABLE_TESTABILITY = YES;
				GCC_C_LANGUAGE_STANDARD = gnu99;
				GCC_DYNAMIC_NO_PIC = NO;
				GCC_NO_COMMON_BLOCKS = YES;
				GCC_OPTIMIZATION_LEVEL = 0;
				GCC_PREPROCESSOR_DEFINITIONS = (
					"DEBUG=1",
					"$(inherited)",
				);
				GCC_WARN_64_TO_32_BIT_CONVERSION = YES;
				GCC_WARN_ABOUT_RETURN_TYPE = YES_ERROR;
				GCC_WARN_UNDECLARED_SELECTOR = YES;
				GCC_WARN_UNINITIALIZED_AUTOS = YES_AGGRESSIVE;
				GCC_WARN_UNUSED_FUNCTION = YES;
				GCC_WARN_UNUSED_VARIABLE = YES;
				IPHONEOS_DEPLOYMENT_TARGET = 9.2;
				MTL_ENABLE_DEBUG_INFO = YES;
				ONLY_ACTIVE_ARCH = YES;
				SDKROOT = iphoneos;
			};
			name = Debug;
		};
		84F9F2FD1DA9313200BC7ECD /* Release */ = {
			isa = XCBuildConfiguration;
			buildSettings = {
				ALWAYS_SEARCH_USER_PATHS = NO;
				CLANG_CXX_LANGUAGE_STANDARD = "gnu++0x";
				CLANG_CXX_LIBRARY = "libc++";
				CLANG_ENABLE_MODULES = YES;
				CLANG_ENABLE_OBJC_ARC = YES;
				CLANG_WARN_BOOL_CONVERSION = YES;
				CLANG_WARN_CONSTANT_CONVERSION = YES;
				CLANG_WARN_DIRECT_OBJC_ISA_USAGE = YES_ERROR;
				CLANG_WARN_EMPTY_BODY = YES;
				CLANG_WARN_ENUM_CONVERSION = YES;
				CLANG_WARN_INT_CONVERSION = YES;
				CLANG_WARN_OBJC_ROOT_CLASS = YES_ERROR;
				CLANG_WARN_UNREACHABLE_CODE = YES;
				CLANG_WARN__DUPLICATE_METHOD_MATCH = YES;
				"CODE_SIGN_IDENTITY[sdk=iphoneos*]" = "iPhone Developer";
				COPY_PHASE_STRIP = NO;
				DEBUG_INFORMATION_FORMAT = "dwarf-with-dsym";
				ENABLE_NS_ASSERTIONS = NO;
				ENABLE_STRICT_OBJC_MSGSEND = YES;
				GCC_C_LANGUAGE_STANDARD = gnu99;
				GCC_NO_COMMON_BLOCKS = YES;
				GCC_WARN_64_TO_32_BIT_CONVERSION = YES;
				GCC_WARN_ABOUT_RETURN_TYPE = YES_ERROR;
				GCC_WARN_UNDECLARED_SELECTOR = YES;
				GCC_WARN_UNINITIALIZED_AUTOS = YES_AGGRESSIVE;
				GCC_WARN_UNUSED_FUNCTION = YES;
				GCC_WARN_UNUSED_VARIABLE = YES;
				IPHONEOS_DEPLOYMENT_TARGET = 9.2;
				MTL_ENABLE_DEBUG_INFO = NO;
				SDKROOT = iphoneos;
				VALIDATE_PRODUCT = YES;
			};
			name = Release;
		};
		84F9F2FF1DA9313200BC7ECD /* Debug */ = {
			isa = XCBuildConfiguration;
			buildSettings = {
				ASSETCATALOG_COMPILER_APPICON_NAME = AppIcon;
				INFOPLIST_FILE = MXKit/Info.plist;
				LD_RUNPATH_SEARCH_PATHS = "$(inherited) @executable_path/Frameworks";
				PRODUCT_BUNDLE_IDENTIFIER = MX.MXKit;
				PRODUCT_NAME = "$(TARGET_NAME)";
			};
			name = Debug;
		};
		84F9F3001DA9313200BC7ECD /* Release */ = {
			isa = XCBuildConfiguration;
			buildSettings = {
				ASSETCATALOG_COMPILER_APPICON_NAME = AppIcon;
				INFOPLIST_FILE = MXKit/Info.plist;
				LD_RUNPATH_SEARCH_PATHS = "$(inherited) @executable_path/Frameworks";
				PRODUCT_BUNDLE_IDENTIFIER = MX.MXKit;
				PRODUCT_NAME = "$(TARGET_NAME)";
			};
			name = Release;
		};
/* End XCBuildConfiguration section */

/* Begin XCConfigurationList section */
		84F9F2E21DA9313100BC7ECD /* Build configuration list for PBXProject "MXKit" */ = {
			isa = XCConfigurationList;
			buildConfigurations = (
				84F9F2FC1DA9313200BC7ECD /* Debug */,
				84F9F2FD1DA9313200BC7ECD /* Release */,
			);
			defaultConfigurationIsVisible = 0;
			defaultConfigurationName = Release;
		};
		84F9F2FE1DA9313200BC7ECD /* Build configuration list for PBXNativeTarget "MXKit" */ = {
			isa = XCConfigurationList;
			buildConfigurations = (
				84F9F2FF1DA9313200BC7ECD /* Debug */,
				84F9F3001DA9313200BC7ECD /* Release */,
			);
			defaultConfigurationIsVisible = 0;
			defaultConfigurationName = Release;
		};
/* End XCConfigurationList section */
	};
	rootObject = 84F9F2DF1DA9313100BC7ECD /* Project object */;
}
